
Microsoft Visual Studio Solution File, Format Version 12.00
# Visual Studio Version 17
VisualStudioVersion = 17.14.36109.1
MinimumVisualStudioVersion = 10.0.40219.1
Project("{8BC9CEB8-8B4A-11D0-8D11-00A0C91BC942}") = "Autosteer_AV", "Autosteer_AV.vcxproj", "{863D590D-55CB-8422-BE17-CADCF9ADBEFD}"
EndProject
Global
	GlobalSection(SolutionConfigurationPlatforms) = preSolution
		Debug|ARM = Debug|ARM
		Debug|ARM64 = Debug|ARM64
		Release|ARM = Release|ARM
		Release|ARM64 = Release|ARM64
	EndGlobalSection
	GlobalSection(ProjectConfigurationPlatforms) = postSolution
		{863D590D-55CB-8422-BE17-CADCF9ADBEFD}.Debug|ARM.ActiveCfg = Debug|ARM
		{863D590D-55CB-8422-BE17-CADCF9ADBEFD}.Debug|ARM.Build.0 = Debug|ARM
		{863D590D-55CB-8422-BE17-CADCF9ADBEFD}.Debug|ARM.Deploy.0 = Debug|ARM
		{863D590D-55CB-8422-BE17-CADCF9ADBEFD}.Debug|ARM64.ActiveCfg = Debug|ARM64
		{863D590D-55CB-8422-BE17-CADCF9ADBEFD}.Debug|ARM64.Build.0 = Debug|ARM64
		{863D590D-55CB-8422-BE17-CADCF9ADBEFD}.Debug|ARM64.Deploy.0 = Debug|ARM64
		{863D590D-55CB-8422-BE17-CADCF9ADBEFD}.Release|ARM.ActiveCfg = Release|ARM
		{863D590D-55CB-8422-BE17-CADCF9ADBEFD}.Release|ARM.Build.0 = Release|ARM
		{863D590D-55CB-8422-BE17-CADCF9ADBEFD}.Release|ARM.Deploy.0 = Release|ARM
		{863D590D-55CB-8422-BE17-CADCF9ADBEFD}.Release|ARM64.ActiveCfg = Release|ARM64
		{863D590D-55CB-8422-BE17-CADCF9ADBEFD}.Release|ARM64.Build.0 = Release|ARM64
		{863D590D-55CB-8422-BE17-CADCF9ADBEFD}.Release|ARM64.Deploy.0 = Release|ARM64
	EndGlobalSection
	GlobalSection(SolutionProperties) = preSolution
		HideSolutionNode = FALSE
	EndGlobalSection
	GlobalSection(ExtensibilityGlobals) = postSolution
		SolutionGuid = {59BFF131-2822-4018-9EE9-52787416E59F}
	EndGlobalSection
EndGlobal
